// !$*UTF8*$!
{
	archiveVersion = 1;
	classes = {
	};
	objectVersion = 46;
	objects = {

/* Begin PBXBuildFile section */
		84C41FCE1F14B108001CA21A /* AppDelegate.swift in Sources */ = {isa = PBXBuildFile; fileRef = 84C41FCD1F14B108001CA21A /* AppDelegate.swift */; };
		84C41FD01F14B108001CA21A /* ViewController.swift in Sources */ = {isa = PBXBuildFile; fileRef = 84C41FCF1F14B108001CA21A /* ViewController.swift */; };
		84C41FD31F14B108001CA21A /* Main.storyboard in Resources */ = {isa = PBXBuildFile; fileRef = 84C41FD11F14B108001CA21A /* Main.storyboard */; };
		84C41FD51F14B108001CA21A /* Assets.xcassets in Resources */ = {isa = PBXBuildFile; fileRef = 84C41FD41F14B108001CA21A /* Assets.xcassets */; };
		84C41FD81F14B108001CA21A /* LaunchScreen.storyboard in Resources */ = {isa = PBXBuildFile; fileRef = 84C41FD61F14B108001CA21A /* LaunchScreen.storyboard */; };
		84C41FE01F14B59C001CA21A /* LoginController.swift in Sources */ = {isa = PBXBuildFile; fileRef = 84C41FDF1F14B59C001CA21A /* LoginController.swift */; };
/* End PBXBuildFile section */

/* Begin PBXFileReference section */
		84C41FCA1F14B108001CA21A /* GameOfChats.app */ = {isa = PBXFileReference; explicitFileType = wrapper.application; includeInIndex = 0; path = GameOfChats.app; sourceTree = BUILT_PRODUCTS_DIR; };
		84C41FCD1F14B108001CA21A /* AppDelegate.swift */ = {isa = PBXFileReference; lastKnownFileType = sourcecode.swift; path = AppDelegate.swift; sourceTree = "<group>"; };
		84C41FCF1F14B108001CA21A /* ViewController.swift */ = {isa = PBXFileReference; lastKnownFileType = sourcecode.swift; path = ViewController.swift; sourceTree = "<group>"; };
		84C41FD21F14B108001CA21A /* Base */ = {isa = PBXFileReference; lastKnownFileType = file.storyboard; name = Base; path = Base.lproj/Main.storyboard; sourceTree = "<group>"; };
		84C41FD41F14B108001CA21A /* Assets.xcassets */ = {isa = PBXFileReference; lastKnownFileType = folder.assetcatalog; path = Assets.xcassets; sourceTree = "<group>"; };
		84C41FD71F14B108001CA21A /* Base */ = {isa = PBXFileReference; lastKnownFileType = file.storyboard; name = Base; path = Base.lproj/LaunchScreen.storyboard; sourceTree = "<group>"; };
		84C41FD91F14B108001CA21A /* Info.plist */ = {isa = PBXFileReference; lastKnownFileType = text.plist.xml; path = Info.plist; sourceTree = "<group>"; };
		84C41FDF1F14B59C001CA21A /* LoginController.swift */ = {isa = PBXFileReference; fileEncoding = 4; lastKnownFileType = sourcecode.swift; path = LoginController.swift; sourceTree = "<group>"; };
/* End PBXFileReference section */

/* Begin PBXFrameworksBuildPhase section */
		84C41FC71F14B108001CA21A /* Frameworks */ = {
			isa = PBXFrameworksBuildPhase;
			buildActionMask = 2147483647;
			files = (
			);
			runOnlyForDeploymentPostprocessing = 0;
		};
/* End PBXFrameworksBuildPhase section */

/* Begin PBXGroup section */
		84C41FC11F14B108001CA21A = {
			isa = PBXGroup;
			children = (
				84C41FCC1F14B108001CA21A /* GameOfChats */,
				84C41FCB1F14B108001CA21A /* Products */,
			);
			sourceTree = "<group>";
		};
		84C41FCB1F14B108001CA21A /* Products */ = {
			isa = PBXGroup;
			children = (
				84C41FCA1F14B108001CA21A /* GameOfChats.app */,
			);
			name = Products;
			sourceTree = "<group>";
		};
		84C41FCC1F14B108001CA21A /* GameOfChats */ = {
			isa = PBXGroup;
			children = (
				84C41FDF1F14B59C001CA21A /* LoginController.swift */,
				84C41FCD1F14B108001CA21A /* AppDelegate.swift */,
				84C41FCF1F14B108001CA21A /* ViewController.swift */,
				84C41FD11F14B108001CA21A /* Main.storyboard */,
				84C41FD41F14B108001CA21A /* Assets.xcassets */,
				84C41FD61F14B108001CA21A /* LaunchScreen.storyboard */,
				84C41FD91F14B108001CA21A /* Info.plist */,
			);
			path = GameOfChats;
			sourceTree = "<group>";
		};
/* End PBXGroup section */

/* Begin PBXNativeTarget section */
		84C41FC91F14B108001CA21A /* GameOfChats */ = {
			isa = PBXNativeTarget;
			buildConfigurationList = 84C41FDC1F14B108001CA21A /* Build configuration list for PBXNativeTarget "GameOfChats" */;
			buildPhases = (
				84C41FC61F14B108001CA21A /* Sources */,
				84C41FC71F14B108001CA21A /* Frameworks */,
				84C41FC81F14B108001CA21A /* Resources */,
			);
			buildRules = (
			);
			dependencies = (
			);
			name = GameOfChats;
			productName = GameOfChats;
			productReference = 84C41FCA1F14B108001CA21A /* GameOfChats.app */;
			productType = "com.apple.product-type.application";
		};
/* End PBXNativeTarget section */

/* Begin PBXProject section */
		84C41FC21F14B108001CA21A /* Project object */ = {
			isa = PBXProject;
			attributes = {
				LastSwiftUpdateCheck = 0830;
				LastUpgradeCheck = 0830;
				ORGANIZATIONNAME = indosystem;
				TargetAttributes = {
					84C41FC91F14B108001CA21A = {
						CreatedOnToolsVersion = 8.3.3;
						DevelopmentTeam = R4TU3C8Z8A;
						ProvisioningStyle = Automatic;
					};
				};
			};
			buildConfigurationList = 84C41FC51F14B108001CA21A /* Build configuration list for PBXProject "GameOfChats" */;
			compatibilityVersion = "Xcode 3.2";
			developmentRegion = English;
			hasScannedForEncodings = 0;
			knownRegions = (
				en,
				Base,
			);
			mainGroup = 84C41FC11F14B108001CA21A;
			productRefGroup = 84C41FCB1F14B108001CA21A /* Products */;
			projectDirPath = "";
			projectRoot = "";
			targets = (
				84C41FC91F14B108001CA21A /* GameOfChats */,
			);
		};
/* End PBXProject section */

/* Begin PBXResourcesBuildPhase section */
		84C41FC81F14B108001CA21A /* Resources */ = {
			isa = PBXResourcesBuildPhase;
			buildActionMask = 2147483647;
			files = (
				84C41FD81F14B108001CA21A /* LaunchScreen.storyboard in Resources */,
				84C41FD51F14B108001CA21A /* Assets.xcassets in Resources */,
				84C41FD31F14B108001CA21A /* Main.storyboard in Resources */,
			);
			runOnlyForDeploymentPostprocessing = 0;
		};
/* End PBXResourcesBuildPhase section */

/* Begin PBXSourcesBuildPhase section */
		84C41FC61F14B108001CA21A /* Sources */ = {
			isa = PBXSourcesBuildPhase;
			buildActionMask = 2147483647;
			files = (
				84C41FD01F14B108001CA21A /* ViewController.swift in Sources */,
				84C41FE01F14B59C001CA21A /* LoginController.swift in Sources */,
				84C41FCE1F14B108001CA21A /* AppDelegate.swift in Sources */,
			);
			runOnlyForDeploymentPostprocessing = 0;
		};
/* End PBXSourcesBuildPhase section */

/* Begin PBXVariantGroup section */
		84C41FD11F14B108001CA21A /* Main.storyboard */ = {
			isa = PBXVariantGroup;
			children = (
				84C41FD21F14B108001CA21A /* Base */,
			);
			name = Main.storyboard;
			sourceTree = "<group>";
		};
		84C41FD61F14B108001CA21A /* LaunchScreen.storyboard */ = {
			isa = PBXVariantGroup;
			children = (
				84C41FD71F14B108001CA21A /* Base */,
			);
			name = LaunchScreen.storyboard;
			sourceTree = "<group>";
		};
/* End PBXVariantGroup section */

/* Begin XCBuildConfiguration section */
		84C41FDA1F14B108001CA21A /* Debug */ = {
			isa = XCBuildConfiguration;
			buildSettings = {
				ALWAYS_SEARCH_USER_PATHS = NO;
				CLANG_ANALYZER_NONNULL = YES;
				CLANG_ANALYZER_NUMBER_OBJECT_CONVERSION = YES_AGGRESSIVE;
				CLANG_CXX_LANGUAGE_STANDARD = "gnu++0x";
				CLANG_CXX_LIBRARY = "libc++";
				CLANG_ENABLE_MODULES = YES;
				CLANG_ENABLE_OBJC_ARC = YES;
				CLANG_WARN_BOOL_CONVERSION = YES;
				CLANG_WARN_CONSTANT_CONVERSION = YES;
				CLANG_WARN_DIRECT_OBJC_ISA_USAGE = YES_ERROR;
				CLANG_WARN_DOCUMENTATION_COMMENTS = YES;
				CLANG_WARN_EMPTY_BODY = YES;
				CLANG_WARN_ENUM_CONVERSION = YES;
				CLANG_WARN_INFINITE_RECURSION = YES;
				CLANG_WARN_INT_CONVERSION = YES;
				CLANG_WARN_OBJC_ROOT_CLASS = YES_ERROR;
				CLANG_WARN_SUSPICIOUS_MOVE = YES;
				CLANG_WARN_UNREACHABLE_CODE = YES;
				CLANG_WARN__DUPLICATE_METHOD_MATCH = YES;
				"CODE_SIGN_IDENTITY[sdk=iphoneos*]" = "iPhone Developer";
				COPY_PHASE_STRIP = NO;
				DEBUG_INFORMATION_FORMAT = dwarf;
				ENABLE_STRICT_OBJC_MSGSEND = YES;
				ENABLE_TESTABILITY = YES;
				GCC_C_LANGUAGE_STANDARD = gnu99;
				GCC_DYNAMIC_NO_PIC = NO;
				GCC_NO_COMMON_BLOCKS = YES;
				GCC_OPTIMIZATION_LEVEL = 0;
				GCC_PREPROCESSOR_DEFINITIONS = (
					"DEBUG=1",
					"$(inherited)",
				);
				GCC_WARN_64_TO_32_BIT_CONVERSION = YES;
				GCC_WARN_ABOUT_RETURN_TYPE = YES_ERROR;
				GCC_WARN_UNDECLARED_SELECTOR = YES;
				GCC_WARN_UNINITIALIZED_AUTOS = YES_AGGRESSIVE;
				GCC_WARN_UNUSED_FUNCTION = YES;
				GCC_WARN_UNUSED_VARIABLE = YES;
				IPHONEOS_DEPLOYMENT_TARGET = 10.3;
				MTL_ENABLE_DEBUG_INFO = YES;
				ONLY_ACTIVE_ARCH = YES;
				SDKROOT = iphoneos;
				SWIFT_ACTIVE_COMPILATION_CONDITIONS = DEBUG;
				SWIFT_OPTIMIZATION_LEVEL = "-Onone";
			};
			name = Debug;
		};
		84C41FDB1F14B108001CA21A /* Release */ = {
			isa = XCBuildConfiguration;
			buildSettings = {
				ALWAYS_SEARCH_USER_PATHS = NO;
				CLANG_ANALYZER_NONNULL = YES;
				CLANG_ANALYZER_NUMBER_OBJECT_CONVERSION = YES_AGGRESSIVE;
				CLANG_CXX_LANGUAGE_STANDARD = "gnu++0x";
				CLANG_CXX_LIBRARY = "libc++";
				CLANG_ENABLE_MODULES = YES;
				CLANG_ENABLE_OBJC_ARC = YES;
				CLANG_WARN_BOOL_CONVERSION = YES;
				CLANG_WARN_CONSTANT_CONVERSION = YES;
				CLANG_WARN_DIRECT_OBJC_ISA_USAGE = YES_ERROR;
				CLANG_WARN_DOCUMENTATION_COMMENTS = YES;
				CLANG_WARN_EMPTY_BODY = YES;
				CLANG_WARN_ENUM_CONVERSION = YES;
				CLANG_WARN_INFINITE_RECURSION = YES;
				CLANG_WARN_INT_CONVERSION = YES;
				CLANG_WARN_OBJC_ROOT_CLASS = YES_ERROR;
				CLANG_WARN_SUSPICIOUS_MOVE = YES;
				CLANG_WARN_UNREACHABLE_CODE = YES;
				CLANG_WARN__DUPLICATE_METHOD_MATCH = YES;
				"CODE_SIGN_IDENTITY[sdk=iphoneos*]" = "iPhone Developer";
				COPY_PHASE_STRIP = NO;
				DEBUG_INFORMATION_FORMAT = "dwarf-with-dsym";
				ENABLE_NS_ASSERTIONS = NO;
				ENABLE_STRICT_OBJC_MSGSEND = YES;
				GCC_C_LANGUAGE_STANDARD = gnu99;
				GCC_NO_COMMON_BLOCKS = YES;
				GCC_WARN_64_TO_32_BIT_CONVERSION = YES;
				GCC_WARN_ABOUT_RETURN_TYPE = YES_ERROR;
				GCC_WARN_UNDECLARED_SELECTOR = YES;
				GCC_WARN_UNINITIALIZED_AUTOS = YES_AGGRESSIVE;
				GCC_WARN_UNUSED_FUNCTION = YES;
				GCC_WARN_UNUSED_VARIABLE = YES;
				IPHONEOS_DEPLOYMENT_TARGET = 10.3;
				MTL_ENABLE_DEBUG_INFO = NO;
				SDKROOT = iphoneos;
				SWIFT_OPTIMIZATION_LEVEL = "-Owholemodule";
				VALIDATE_PRODUCT = YES;
			};
			name = Release;
		};
		84C41FDD1F14B108001CA21A /* Debug */ = {
			isa = XCBuildConfiguration;
			buildSettings = {
				ASSETCATALOG_COMPILER_APPICON_NAME = AppIcon;
				CODE_SIGN_IDENTITY = "iPhone Developer";
				DEVELOPMENT_TEAM = R4TU3C8Z8A;
				INFOPLIST_FILE = GameOfChats/Info.plist;
				LD_RUNPATH_SEARCH_PATHS = "$(inherited) @executable_path/Frameworks";
				PRODUCT_BUNDLE_IDENTIFIER = indosystem.GameOfChats;
				PRODUCT_NAME = "$(TARGET_NAME)";
				SWIFT_VERSION = 3.0;
				TARGETED_DEVICE_FAMILY = "1,2";
			};
			name = Debug;
		};
		84C41FDE1F14B108001CA21A /* Release */ = {
			isa = XCBuildConfiguration;
			buildSettings = {
				ASSETCATALOG_COMPILER_APPICON_NAME = AppIcon;
				CODE_SIGN_IDENTITY = "iPhone Developer";
				DEVELOPMENT_TEAM = R4TU3C8Z8A;
				INFOPLIST_FILE = GameOfChats/Info.plist;
				LD_RUNPATH_SEARCH_PATHS = "$(inherited) @executable_path/Frameworks";
				PRODUCT_BUNDLE_IDENTIFIER = indosystem.GameOfChats;
				PRODUCT_NAME = "$(TARGET_NAME)";
				SWIFT_VERSION = 3.0;
				TARGETED_DEVICE_FAMILY = "1,2";
			};
			name = Release;
		};
/* End XCBuildConfiguration section */

/* Begin XCConfigurationList section */
		84C41FC51F14B108001CA21A /* Build configuration list for PBXProject "GameOfChats" */ = {
			isa = XCConfigurationList;
			buildConfigurations = (
				84C41FDA1F14B108001CA21A /* Debug */,
				84C41FDB1F14B108001CA21A /* Release */,
			);
			defaultConfigurationIsVisible = 0;
			defaultConfigurationName = Release;
		};
		84C41FDC1F14B108001CA21A /* Build configuration list for PBXNativeTarget "GameOfChats" */ = {
			isa = XCConfigurationList;
			buildConfigurations = (
				84C41FDD1F14B108001CA21A /* Debug */,
				84C41FDE1F14B108001CA21A /* Release */,
			);
			defaultConfigurationIsVisible = 0;
		};
/* End XCConfigurationList section */
	};
	rootObject = 84C41FC21F14B108001CA21A /* Project object */;
}
