// !$*UTF8*$!
{
	archiveVersion = 1;
	classes = {
	};
	objectVersion = 46;
	objects = {

/* Begin PBXBuildFile section */
		2F4D11F9517F5CF14E8E6F05 /* Pods_GameOfChats.framework in Frameworks */ = {isa = PBXBuildFile; fileRef = A4BA3E8EB04BAE26895CA8A1 /* Pods_GameOfChats.framework */; };
		84C41FCE1F14B108001CA21A /* AppDelegate.swift in Sources */ = {isa = PBXBuildFile; fileRef = 84C41FCD1F14B108001CA21A /* AppDelegate.swift */; };
		84C41FD01F14B108001CA21A /* MessagesController.swift in Sources */ = {isa = PBXBuildFile; fileRef = 84C41FCF1F14B108001CA21A /* MessagesController.swift */; };
		84C41FD31F14B108001CA21A /* Main.storyboard in Resources */ = {isa = PBXBuildFile; fileRef = 84C41FD11F14B108001CA21A /* Main.storyboard */; };
		84C41FD51F14B108001CA21A /* Assets.xcassets in Resources */ = {isa = PBXBuildFile; fileRef = 84C41FD41F14B108001CA21A /* Assets.xcassets */; };
		84C41FD81F14B108001CA21A /* LaunchScreen.storyboard in Resources */ = {isa = PBXBuildFile; fileRef = 84C41FD61F14B108001CA21A /* LaunchScreen.storyboard */; };
		84C41FE01F14B59C001CA21A /* LoginController.swift in Sources */ = {isa = PBXBuildFile; fileRef = 84C41FDF1F14B59C001CA21A /* LoginController.swift */; };
		84DF2B181F15C3A100A9C128 /* GoogleService-Info.plist in Resources */ = {isa = PBXBuildFile; fileRef = 84DF2B171F15C3A100A9C128 /* GoogleService-Info.plist */; };
		84E526DC1F174EC40017F421 /* NewMessageController.swift in Sources */ = {isa = PBXBuildFile; fileRef = 84E526DB1F174EC40017F421 /* NewMessageController.swift */; };
		84E526E01F175D2A0017F421 /* User.swift in Sources */ = {isa = PBXBuildFile; fileRef = 84E526DF1F175D2A0017F421 /* User.swift */; };
		84E526E21F176B480017F421 /* LoginControllerHandlers.swift in Sources */ = {isa = PBXBuildFile; fileRef = 84E526E11F176B480017F421 /* LoginControllerHandlers.swift */; };
/* End PBXBuildFile section */

/* Begin PBXFileReference section */
		09287A7D031E0082703C5E0D /* Pods-GameOfChats.release.xcconfig */ = {isa = PBXFileReference; includeInIndex = 1; lastKnownFileType = text.xcconfig; name = "Pods-GameOfChats.release.xcconfig"; path = "Pods/Target Support Files/Pods-GameOfChats/Pods-GameOfChats.release.xcconfig"; sourceTree = "<group>"; };
		55025629BA7C60B82FE2F04E /* Pods-GameOfChats.debug.xcconfig */ = {isa = PBXFileReference; includeInIndex = 1; lastKnownFileType = text.xcconfig; name = "Pods-GameOfChats.debug.xcconfig"; path = "Pods/Target Support Files/Pods-GameOfChats/Pods-GameOfChats.debug.xcconfig"; sourceTree = "<group>"; };
		84C41FCA1F14B108001CA21A /* GameOfChats.app */ = {isa = PBXFileReference; explicitFileType = wrapper.application; includeInIndex = 0; path = GameOfChats.app; sourceTree = BUILT_PRODUCTS_DIR; };
		84C41FCD1F14B108001CA21A /* AppDelegate.swift */ = {isa = PBXFileReference; lastKnownFileType = sourcecode.swift; path = AppDelegate.swift; sourceTree = "<group>"; };
		84C41FCF1F14B108001CA21A /* MessagesController.swift */ = {isa = PBXFileReference; lastKnownFileType = sourcecode.swift; path = MessagesController.swift; sourceTree = "<group>"; };
		84C41FD21F14B108001CA21A /* Base */ = {isa = PBXFileReference; lastKnownFileType = file.storyboard; name = Base; path = Base.lproj/Main.storyboard; sourceTree = "<group>"; };
		84C41FD41F14B108001CA21A /* Assets.xcassets */ = {isa = PBXFileReference; lastKnownFileType = folder.assetcatalog; path = Assets.xcassets; sourceTree = "<group>"; };
		84C41FD71F14B108001CA21A /* Base */ = {isa = PBXFileReference; lastKnownFileType = file.storyboard; name = Base; path = Base.lproj/LaunchScreen.storyboard; sourceTree = "<group>"; };
		84C41FD91F14B108001CA21A /* Info.plist */ = {isa = PBXFileReference; lastKnownFileType = text.plist.xml; path = Info.plist; sourceTree = "<group>"; };
		84C41FDF1F14B59C001CA21A /* LoginController.swift */ = {isa = PBXFileReference; fileEncoding = 4; lastKnownFileType = sourcecode.swift; path = LoginController.swift; sourceTree = "<group>"; };
		84DF2B171F15C3A100A9C128 /* GoogleService-Info.plist */ = {isa = PBXFileReference; fileEncoding = 4; lastKnownFileType = text.plist.xml; path = "GoogleService-Info.plist"; sourceTree = "<group>"; };
		84E526DB1F174EC40017F421 /* NewMessageController.swift */ = {isa = PBXFileReference; fileEncoding = 4; lastKnownFileType = sourcecode.swift; path = NewMessageController.swift; sourceTree = "<group>"; };
		84E526DF1F175D2A0017F421 /* User.swift */ = {isa = PBXFileReference; fileEncoding = 4; lastKnownFileType = sourcecode.swift; path = User.swift; sourceTree = "<group>"; };
		84E526E11F176B480017F421 /* LoginControllerHandlers.swift */ = {isa = PBXFileReference; fileEncoding = 4; lastKnownFileType = sourcecode.swift; path = LoginControllerHandlers.swift; sourceTree = "<group>"; };
		A4BA3E8EB04BAE26895CA8A1 /* Pods_GameOfChats.framework */ = {isa = PBXFileReference; explicitFileType = wrapper.framework; includeInIndex = 0; path = Pods_GameOfChats.framework; sourceTree = BUILT_PRODUCTS_DIR; };
/* End PBXFileReference section */

/* Begin PBXFrameworksBuildPhase section */
		84C41FC71F14B108001CA21A /* Frameworks */ = {
			isa = PBXFrameworksBuildPhase;
			buildActionMask = 2147483647;
			files = (
				2F4D11F9517F5CF14E8E6F05 /* Pods_GameOfChats.framework in Frameworks */,
			);
			runOnlyForDeploymentPostprocessing = 0;
		};
/* End PBXFrameworksBuildPhase section */

/* Begin PBXGroup section */
		70E9BC1E3C3192C6C7B0AFE2 /* Frameworks */ = {
			isa = PBXGroup;
			children = (
				A4BA3E8EB04BAE26895CA8A1 /* Pods_GameOfChats.framework */,
			);
			name = Frameworks;
			sourceTree = "<group>";
		};
		84C41FC11F14B108001CA21A = {
			isa = PBXGroup;
			children = (
				84C41FCC1F14B108001CA21A /* GameOfChats */,
				84C41FCB1F14B108001CA21A /* Products */,
				998CF428AB455600FBCEDF5C /* Pods */,
				70E9BC1E3C3192C6C7B0AFE2 /* Frameworks */,
			);
			sourceTree = "<group>";
		};
		84C41FCB1F14B108001CA21A /* Products */ = {
			isa = PBXGroup;
			children = (
				84C41FCA1F14B108001CA21A /* GameOfChats.app */,
			);
			name = Products;
			sourceTree = "<group>";
		};
		84C41FCC1F14B108001CA21A /* GameOfChats */ = {
			isa = PBXGroup;
			children = (
				84E526DE1F175CEC0017F421 /* Model */,
				84E526DD1F175CE30017F421 /* Controller */,
				84C41FD11F14B108001CA21A /* Main.storyboard */,
				84C41FD41F14B108001CA21A /* Assets.xcassets */,
				84C41FD61F14B108001CA21A /* LaunchScreen.storyboard */,
				84C41FD91F14B108001CA21A /* Info.plist */,
				84DF2B171F15C3A100A9C128 /* GoogleService-Info.plist */,
			);
			path = GameOfChats;
			sourceTree = "<group>";
		};
		84E526DD1F175CE30017F421 /* Controller */ = {
			isa = PBXGroup;
			children = (
				84C41FDF1F14B59C001CA21A /* LoginController.swift */,
				84C41FCD1F14B108001CA21A /* AppDelegate.swift */,
				84C41FCF1F14B108001CA21A /* MessagesController.swift */,
				84E526DB1F174EC40017F421 /* NewMessageController.swift */,
				84E526E11F176B480017F421 /* LoginControllerHandlers.swift */,
			);
			name = Controller;
			sourceTree = "<group>";
		};
		84E526DE1F175CEC0017F421 /* Model */ = {
			isa = PBXGroup;
			children = (
				84E526DF1F175D2A0017F421 /* User.swift */,
			);
			name = Model;
			sourceTree = "<group>";
		};
		998CF428AB455600FBCEDF5C /* Pods */ = {
			isa = PBXGroup;
			children = (
				55025629BA7C60B82FE2F04E /* Pods-GameOfChats.debug.xcconfig */,
				09287A7D031E0082703C5E0D /* Pods-GameOfChats.release.xcconfig */,
			);
			name = Pods;
			sourceTree = "<group>";
		};
/* End PBXGroup section */

/* Begin PBXNativeTarget section */
		84C41FC91F14B108001CA21A /* GameOfChats */ = {
			isa = PBXNativeTarget;
			buildConfigurationList = 84C41FDC1F14B108001CA21A /* Build configuration list for PBXNativeTarget "GameOfChats" */;
			buildPhases = (
				CE4FF1B1955672216714EB20 /* [CP] Check Pods Manifest.lock */,
				84C41FC61F14B108001CA21A /* Sources */,
				84C41FC71F14B108001CA21A /* Frameworks */,
				84C41FC81F14B108001CA21A /* Resources */,
				AB7E0AFA286C4D167E6162AD /* [CP] Embed Pods Frameworks */,
				52280F017BFC212DE53DC086 /* [CP] Copy Pods Resources */,
			);
			buildRules = (
			);
			dependencies = (
			);
			name = GameOfChats;
			productName = GameOfChats;
			productReference = 84C41FCA1F14B108001CA21A /* GameOfChats.app */;
			productType = "com.apple.product-type.application";
		};
/* End PBXNativeTarget section */

/* Begin PBXProject section */
		84C41FC21F14B108001CA21A /* Project object */ = {
			isa = PBXProject;
			attributes = {
				LastSwiftUpdateCheck = 0830;
				LastUpgradeCheck = 0830;
				ORGANIZATIONNAME = indosystem;
				TargetAttributes = {
					84C41FC91F14B108001CA21A = {
						CreatedOnToolsVersion = 8.3.3;
						DevelopmentTeam = R4TU3C8Z8A;
						ProvisioningStyle = Automatic;
					};
				};
			};
			buildConfigurationList = 84C41FC51F14B108001CA21A /* Build configuration list for PBXProject "GameOfChats" */;
			compatibilityVersion = "Xcode 3.2";
			developmentRegion = English;
			hasScannedForEncodings = 0;
			knownRegions = (
				en,
				Base,
			);
			mainGroup = 84C41FC11F14B108001CA21A;
			productRefGroup = 84C41FCB1F14B108001CA21A /* Products */;
			projectDirPath = "";
			projectRoot = "";
			targets = (
				84C41FC91F14B108001CA21A /* GameOfChats */,
			);
		};
/* End PBXProject section */

/* Begin PBXResourcesBuildPhase section */
		84C41FC81F14B108001CA21A /* Resources */ = {
			isa = PBXResourcesBuildPhase;
			buildActionMask = 2147483647;
			files = (
				84C41FD81F14B108001CA21A /* LaunchScreen.storyboard in Resources */,
				84DF2B181F15C3A100A9C128 /* GoogleService-Info.plist in Resources */,
				84C41FD51F14B108001CA21A /* Assets.xcassets in Resources */,
				84C41FD31F14B108001CA21A /* Main.storyboard in Resources */,
			);
			runOnlyForDeploymentPostprocessing = 0;
		};
/* End PBXResourcesBuildPhase section */

/* Begin PBXShellScriptBuildPhase section */
		52280F017BFC212DE53DC086 /* [CP] Copy Pods Resources */ = {
			isa = PBXShellScriptBuildPhase;
			buildActionMask = 2147483647;
			files = (
			);
			inputPaths = (
			);
			name = "[CP] Copy Pods Resources";
			outputPaths = (
			);
			runOnlyForDeploymentPostprocessing = 0;
			shellPath = /bin/sh;
			shellScript = "\"${SRCROOT}/Pods/Target Support Files/Pods-GameOfChats/Pods-GameOfChats-resources.sh\"\n";
			showEnvVarsInLog = 0;
		};
		AB7E0AFA286C4D167E6162AD /* [CP] Embed Pods Frameworks */ = {
			isa = PBXShellScriptBuildPhase;
			buildActionMask = 2147483647;
			files = (
			);
			inputPaths = (
			);
			name = "[CP] Embed Pods Frameworks";
			outputPaths = (
			);
			runOnlyForDeploymentPostprocessing = 0;
			shellPath = /bin/sh;
			shellScript = "\"${SRCROOT}/Pods/Target Support Files/Pods-GameOfChats/Pods-GameOfChats-frameworks.sh\"\n";
			showEnvVarsInLog = 0;
		};
		CE4FF1B1955672216714EB20 /* [CP] Check Pods Manifest.lock */ = {
			isa = PBXShellScriptBuildPhase;
			buildActionMask = 2147483647;
			files = (
			);
			inputPaths = (
			);
			name = "[CP] Check Pods Manifest.lock";
			outputPaths = (
			);
			runOnlyForDeploymentPostprocessing = 0;
			shellPath = /bin/sh;
			shellScript = "diff \"${PODS_PODFILE_DIR_PATH}/Podfile.lock\" \"${PODS_ROOT}/Manifest.lock\" > /dev/null\nif [ $? != 0 ] ; then\n    # print error to STDERR\n    echo \"error: The sandbox is not in sync with the Podfile.lock. Run 'pod install' or update your CocoaPods installation.\" >&2\n    exit 1\nfi\n";
			showEnvVarsInLog = 0;
		};
/* End PBXShellScriptBuildPhase section */

/* Begin PBXSourcesBuildPhase section */
		84C41FC61F14B108001CA21A /* Sources */ = {
			isa = PBXSourcesBuildPhase;
			buildActionMask = 2147483647;
			files = (
				84E526E21F176B480017F421 /* LoginControllerHandlers.swift in Sources */,
				84E526DC1F174EC40017F421 /* NewMessageController.swift in Sources */,
				84C41FD01F14B108001CA21A /* MessagesController.swift in Sources */,
				84C41FE01F14B59C001CA21A /* LoginController.swift in Sources */,
				84E526E01F175D2A0017F421 /* User.swift in Sources */,
				84C41FCE1F14B108001CA21A /* AppDelegate.swift in Sources */,
			);
			runOnlyForDeploymentPostprocessing = 0;
		};
/* End PBXSourcesBuildPhase section */

/* Begin PBXVariantGroup section */
		84C41FD11F14B108001CA21A /* Main.storyboard */ = {
			isa = PBXVariantGroup;
			children = (
				84C41FD21F14B108001CA21A /* Base */,
			);
			name = Main.storyboard;
			sourceTree = "<group>";
		};
		84C41FD61F14B108001CA21A /* LaunchScreen.storyboard */ = {
			isa = PBXVariantGroup;
			children = (
				84C41FD71F14B108001CA21A /* Base */,
			);
			name = LaunchScreen.storyboard;
			sourceTree = "<group>";
		};
/* End PBXVariantGroup section */

/* Begin XCBuildConfiguration section */
		84C41FDA1F14B108001CA21A /* Debug */ = {
			isa = XCBuildConfiguration;
			buildSettings = {
				ALWAYS_SEARCH_USER_PATHS = NO;
				CLANG_ANALYZER_NONNULL = YES;
				CLANG_ANALYZER_NUMBER_OBJECT_CONVERSION = YES_AGGRESSIVE;
				CLANG_CXX_LANGUAGE_STANDARD = "gnu++0x";
				CLANG_CXX_LIBRARY = "libc++";
				CLANG_ENABLE_MODULES = YES;
				CLANG_ENABLE_OBJC_ARC = YES;
				CLANG_WARN_BOOL_CONVERSION = YES;
				CLANG_WARN_CONSTANT_CONVERSION = YES;
				CLANG_WARN_DIRECT_OBJC_ISA_USAGE = YES_ERROR;
				CLANG_WARN_DOCUMENTATION_COMMENTS = YES;
				CLANG_WARN_EMPTY_BODY = YES;
				CLANG_WARN_ENUM_CONVERSION = YES;
				CLANG_WARN_INFINITE_RECURSION = YES;
				CLANG_WARN_INT_CONVERSION = YES;
				CLANG_WARN_OBJC_ROOT_CLASS = YES_ERROR;
				CLANG_WARN_SUSPICIOUS_MOVE = YES;
				CLANG_WARN_UNREACHABLE_CODE = YES;
				CLANG_WARN__DUPLICATE_METHOD_MATCH = YES;
				"CODE_SIGN_IDENTITY[sdk=iphoneos*]" = "iPhone Developer";
				COPY_PHASE_STRIP = NO;
				DEBUG_INFORMATION_FORMAT = dwarf;
				ENABLE_STRICT_OBJC_MSGSEND = YES;
				ENABLE_TESTABILITY = YES;
				GCC_C_LANGUAGE_STANDARD = gnu99;
				GCC_DYNAMIC_NO_PIC = NO;
				GCC_NO_COMMON_BLOCKS = YES;
				GCC_OPTIMIZATION_LEVEL = 0;
				GCC_PREPROCESSOR_DEFINITIONS = (
					"DEBUG=1",
					"$(inherited)",
				);
				GCC_WARN_64_TO_32_BIT_CONVERSION = YES;
				GCC_WARN_ABOUT_RETURN_TYPE = YES_ERROR;
				GCC_WARN_UNDECLARED_SELECTOR = YES;
				GCC_WARN_UNINITIALIZED_AUTOS = YES_AGGRESSIVE;
				GCC_WARN_UNUSED_FUNCTION = YES;
				GCC_WARN_UNUSED_VARIABLE = YES;
				IPHONEOS_DEPLOYMENT_TARGET = 10.3;
				MTL_ENABLE_DEBUG_INFO = YES;
				ONLY_ACTIVE_ARCH = YES;
				SDKROOT = iphoneos;
				SWIFT_ACTIVE_COMPILATION_CONDITIONS = DEBUG;
				SWIFT_OPTIMIZATION_LEVEL = "-Onone";
			};
			name = Debug;
		};
		84C41FDB1F14B108001CA21A /* Release */ = {
			isa = XCBuildConfiguration;
			buildSettings = {
				ALWAYS_SEARCH_USER_PATHS = NO;
				CLANG_ANALYZER_NONNULL = YES;
				CLANG_ANALYZER_NUMBER_OBJECT_CONVERSION = YES_AGGRESSIVE;
				CLANG_CXX_LANGUAGE_STANDARD = "gnu++0x";
				CLANG_CXX_LIBRARY = "libc++";
				CLANG_ENABLE_MODULES = YES;
				CLANG_ENABLE_OBJC_ARC = YES;
				CLANG_WARN_BOOL_CONVERSION = YES;
				CLANG_WARN_CONSTANT_CONVERSION = YES;
				CLANG_WARN_DIRECT_OBJC_ISA_USAGE = YES_ERROR;
				CLANG_WARN_DOCUMENTATION_COMMENTS = YES;
				CLANG_WARN_EMPTY_BODY = YES;
				CLANG_WARN_ENUM_CONVERSION = YES;
				CLANG_WARN_INFINITE_RECURSION = YES;
				CLANG_WARN_INT_CONVERSION = YES;
				CLANG_WARN_OBJC_ROOT_CLASS = YES_ERROR;
				CLANG_WARN_SUSPICIOUS_MOVE = YES;
				CLANG_WARN_UNREACHABLE_CODE = YES;
				CLANG_WARN__DUPLICATE_METHOD_MATCH = YES;
				"CODE_SIGN_IDENTITY[sdk=iphoneos*]" = "iPhone Developer";
				COPY_PHASE_STRIP = NO;
				DEBUG_INFORMATION_FORMAT = "dwarf-with-dsym";
				ENABLE_NS_ASSERTIONS = NO;
				ENABLE_STRICT_OBJC_MSGSEND = YES;
				GCC_C_LANGUAGE_STANDARD = gnu99;
				GCC_NO_COMMON_BLOCKS = YES;
				GCC_WARN_64_TO_32_BIT_CONVERSION = YES;
				GCC_WARN_ABOUT_RETURN_TYPE = YES_ERROR;
				GCC_WARN_UNDECLARED_SELECTOR = YES;
				GCC_WARN_UNINITIALIZED_AUTOS = YES_AGGRESSIVE;
				GCC_WARN_UNUSED_FUNCTION = YES;
				GCC_WARN_UNUSED_VARIABLE = YES;
				IPHONEOS_DEPLOYMENT_TARGET = 10.3;
				MTL_ENABLE_DEBUG_INFO = NO;
				SDKROOT = iphoneos;
				SWIFT_OPTIMIZATION_LEVEL = "-Owholemodule";
				VALIDATE_PRODUCT = YES;
			};
			name = Release;
		};
		84C41FDD1F14B108001CA21A /* Debug */ = {
			isa = XCBuildConfiguration;
			baseConfigurationReference = 55025629BA7C60B82FE2F04E /* Pods-GameOfChats.debug.xcconfig */;
			buildSettings = {
				ASSETCATALOG_COMPILER_APPICON_NAME = AppIcon;
				CODE_SIGN_IDENTITY = "iPhone Developer";
				DEVELOPMENT_TEAM = R4TU3C8Z8A;
				INFOPLIST_FILE = GameOfChats/Info.plist;
				LD_RUNPATH_SEARCH_PATHS = "$(inherited) @executable_path/Frameworks";
				PRODUCT_BUNDLE_IDENTIFIER = indosystem.GameOfChats;
				PRODUCT_NAME = "$(TARGET_NAME)";
				SWIFT_VERSION = 3.0;
				TARGETED_DEVICE_FAMILY = "1,2";
			};
			name = Debug;
		};
		84C41FDE1F14B108001CA21A /* Release */ = {
			isa = XCBuildConfiguration;
			baseConfigurationReference = 09287A7D031E0082703C5E0D /* Pods-GameOfChats.release.xcconfig */;
			buildSettings = {
				ASSETCATALOG_COMPILER_APPICON_NAME = AppIcon;
				CODE_SIGN_IDENTITY = "iPhone Developer";
				DEVELOPMENT_TEAM = R4TU3C8Z8A;
				INFOPLIST_FILE = GameOfChats/Info.plist;
				LD_RUNPATH_SEARCH_PATHS = "$(inherited) @executable_path/Frameworks";
				PRODUCT_BUNDLE_IDENTIFIER = indosystem.GameOfChats;
				PRODUCT_NAME = "$(TARGET_NAME)";
				SWIFT_VERSION = 3.0;
				TARGETED_DEVICE_FAMILY = "1,2";
			};
			name = Release;
		};
/* End XCBuildConfiguration section */

/* Begin XCConfigurationList section */
		84C41FC51F14B108001CA21A /* Build configuration list for PBXProject "GameOfChats" */ = {
			isa = XCConfigurationList;
			buildConfigurations = (
				84C41FDA1F14B108001CA21A /* Debug */,
				84C41FDB1F14B108001CA21A /* Release */,
			);
			defaultConfigurationIsVisible = 0;
			defaultConfigurationName = Release;
		};
		84C41FDC1F14B108001CA21A /* Build configuration list for PBXNativeTarget "GameOfChats" */ = {
			isa = XCConfigurationList;
			buildConfigurations = (
				84C41FDD1F14B108001CA21A /* Debug */,
				84C41FDE1F14B108001CA21A /* Release */,
			);
			defaultConfigurationIsVisible = 0;
			defaultConfigurationName = Release;
		};
/* End XCConfigurationList section */
	};
	rootObject = 84C41FC21F14B108001CA21A /* Project object */;
}
